
Microsoft Visual Studio Solution File, Format Version 12.00
# Visual Studio Version 17
VisualStudioVersion = 17.14.36811.4
MinimumVisualStudioVersion = 10.0.40219.1
Project("{FAE04EC0-301F-11D3-BF4B-00C04F79EFBC}") = "Catalog.API", "Catalog.API\Catalog.API.csproj", "{8910C7D4-3708-40C8-BBFD-643E2B1D6C04}"
EndProject
Project("{FAE04EC0-301F-11D3-BF4B-00C04F79EFBC}") = "Catalog.API.Local", "Catalog.API.Local\Catalog.API.Local.csproj", "{5D991D78-70CF-4F89-AB7F-392C30B0738B}"
EndProject
Global
	GlobalSection(SolutionConfigurationPlatforms) = preSolution
		Debug|Any CPU = Debug|Any CPU
		Release|Any CPU = Release|Any CPU
	EndGlobalSection
	GlobalSection(ProjectConfigurationPlatforms) = postSolution
		{8910C7D4-3708-40C8-BBFD-643E2B1D6C04}.Debug|Any CPU.ActiveCfg = Debug|Any CPU
		{8910C7D4-3708-40C8-BBFD-643E2B1D6C04}.Debug|Any CPU.Build.0 = Debug|Any CPU
		{8910C7D4-3708-40C8-BBFD-643E2B1D6C04}.Release|Any CPU.ActiveCfg = Release|Any CPU
		{8910C7D4-3708-40C8-BBFD-643E2B1D6C04}.Release|Any CPU.Build.0 = Release|Any CPU
		{5D991D78-70CF-4F89-AB7F-392C30B0738B}.Debug|Any CPU.ActiveCfg = Debug|Any CPU
		{5D991D78-70CF-4F89-AB7F-392C30B0738B}.Debug|Any CPU.Build.0 = Debug|Any CPU
		{5D991D78-70CF-4F89-AB7F-392C30B0738B}.Release|Any CPU.ActiveCfg = Release|Any CPU
		{5D991D78-70CF-4F89-AB7F-392C30B0738B}.Release|Any CPU.Build.0 = Release|Any CPU
	EndGlobalSection
	GlobalSection(SolutionProperties) = preSolution
		HideSolutionNode = FALSE
	EndGlobalSection
	GlobalSection(ExtensibilityGlobals) = postSolution
		SolutionGuid = {B065E4F1-015B-4F9C-B262-BAA08C611E6B}
	EndGlobalSection
EndGlobal
